<?xml version="1.0" encoding="utf-8"?>
<Project ToolsVersion="16.0" xmlns="http://schemas.microsoft.com/developer/msbuild/2003">
  <ItemGroup>
    <CustomBuild Include="D:\Solutions\MScAC Solutions\CSC2504 - Computer Graphics Solutions\computer-graphics-raster-images-master\build-debug\CMakeFiles\9238b28c39c1412ff322f55c783a3297\generate.stamp.rule">
      <Filter>CMake Rules</Filter>
    </CustomBuild>
  </ItemGroup>
  <ItemGroup>
    <Filter Include="CMake Rules">
      <UniqueIdentifier>{602E026A-FF95-3007-BC74-4511B5422A9E}</UniqueIdentifier>
    </Filter>
  </ItemGroup>
</Project>
